
Microsoft Visual Studio Solution File, Format Version 12.00
# Visual Studio Version 16
VisualStudioVersion = 16.0.31205.134
MinimumVisualStudioVersion = 10.0.40219.1
Project("{9A19103F-16F7-4668-BE54-9A1E7A4F7556}") = "CoreWebApi", "CoreWebApi.csproj", "{CA5E3FFD-CFDD-49D1-B7FA-D1C6FBF761E6}"
EndProject
Project("{FAE04EC0-301F-11D3-BF4B-00C04F79EFBC}") = "UnitTests", "UnitTests\UnitTests.csproj", "{F024D03C-54EA-48BD-9957-AA28AD8A5DD8}"
EndProject
Global
	GlobalSection(SolutionConfigurationPlatforms) = preSolution
		Debug|Any CPU = Debug|Any CPU
		Release|Any CPU = Release|Any CPU
	EndGlobalSection
	GlobalSection(ProjectConfigurationPlatforms) = postSolution
		{CA5E3FFD-CFDD-49D1-B7FA-D1C6FBF761E6}.Debug|Any CPU.ActiveCfg = Debug|Any CPU
		{CA5E3FFD-CFDD-49D1-B7FA-D1C6FBF761E6}.Debug|Any CPU.Build.0 = Debug|Any CPU
		{CA5E3FFD-CFDD-49D1-B7FA-D1C6FBF761E6}.Release|Any CPU.ActiveCfg = Release|Any CPU
		{CA5E3FFD-CFDD-49D1-B7FA-D1C6FBF761E6}.Release|Any CPU.Build.0 = Release|Any CPU
		{F024D03C-54EA-48BD-9957-AA28AD8A5DD8}.Debug|Any CPU.ActiveCfg = Debug|Any CPU
		{F024D03C-54EA-48BD-9957-AA28AD8A5DD8}.Debug|Any CPU.Build.0 = Debug|Any CPU
		{F024D03C-54EA-48BD-9957-AA28AD8A5DD8}.Release|Any CPU.ActiveCfg = Release|Any CPU
		{F024D03C-54EA-48BD-9957-AA28AD8A5DD8}.Release|Any CPU.Build.0 = Release|Any CPU
	EndGlobalSection
	GlobalSection(SolutionProperties) = preSolution
		HideSolutionNode = FALSE
	EndGlobalSection
	GlobalSection(ExtensibilityGlobals) = postSolution
		SolutionGuid = {27558E7B-7FBC-4576-8562-F57CE746DAA1}
	EndGlobalSection
EndGlobal
